
Microsoft Visual Studio Solution File, Format Version 12.00
# Visual Studio Version 17
VisualStudioVersion = 17.3.32929.385
MinimumVisualStudioVersion = 10.0.40219.1
Project("{9A19103F-16F7-4668-BE54-9A1E7A4F7556}") = "SaveSystem", "SaveSystem.csproj", "{02F92987-9229-44B3-88EE-A7C6BAACE480}"
EndProject
Global
	GlobalSection(SolutionConfigurationPlatforms) = preSolution
		Debug|Any CPU = Debug|Any CPU
		Release|Any CPU = Release|Any CPU
	EndGlobalSection
	GlobalSection(ProjectConfigurationPlatforms) = postSolution
		{02F92987-9229-44B3-88EE-A7C6BAACE480}.Debug|Any CPU.ActiveCfg = Debug|Any CPU
		{02F92987-9229-44B3-88EE-A7C6BAACE480}.Debug|Any CPU.Build.0 = Debug|Any CPU
		{02F92987-9229-44B3-88EE-A7C6BAACE480}.Release|Any CPU.ActiveCfg = Release|Any CPU
		{02F92987-9229-44B3-88EE-A7C6BAACE480}.Release|Any CPU.Build.0 = Release|Any CPU
	EndGlobalSection
	GlobalSection(SolutionProperties) = preSolution
		HideSolutionNode = FALSE
	EndGlobalSection
	GlobalSection(ExtensibilityGlobals) = postSolution
		SolutionGuid = {832BDB44-078A-48FA-92B9-7112FE886BD3}
	EndGlobalSection
EndGlobal
